
Microsoft Visual Studio Solution File, Format Version 12.00
# Visual Studio Version 17
VisualStudioVersion = 17.11.35303.130
MinimumVisualStudioVersion = 10.0.40219.1
Project("{2150E333-8FDC-42A3-9474-1A3956D46DE8}") = "Task0", "Task0", "{871EB906-85AE-4C9F-9F44-7950731B0175}"
EndProject
Project("{FAE04EC0-301F-11D3-BF4B-00C04F79EFBC}") = "Tyuiu.KomarovaMV.Sprint0.Task0.V0", "Tyuiu.KomarovaMV.Sprint0.Task0.V0\Tyuiu.KomarovaMV.Sprint0.Task0.V0.csproj", "{7D13C83B-A8F4-4CEA-8CC5-8D63D3487AA6}"
EndProject
Project("{2150E333-8FDC-42A3-9474-1A3956D46DE8}") = "Task1", "Task1", "{001CBECA-A2AD-4F89-806D-664FA31E5A7E}"
EndProject
Project("{FAE04EC0-301F-11D3-BF4B-00C04F79EFBC}") = "Tyuiu.KomarovaMV.Sprint0.Task1.V0", "Tyuiu.KomarovaMV.Sprint0.Task1.V0\Tyuiu.KomarovaMV.Sprint0.Task1.V0.csproj", "{19F58055-D818-4D3E-8FCF-4239B9A96738}"
EndProject
Global
	GlobalSection(SolutionConfigurationPlatforms) = preSolution
		Debug|Any CPU = Debug|Any CPU
		Release|Any CPU = Release|Any CPU
	EndGlobalSection
	GlobalSection(ProjectConfigurationPlatforms) = postSolution
		{7D13C83B-A8F4-4CEA-8CC5-8D63D3487AA6}.Debug|Any CPU.ActiveCfg = Debug|Any CPU
		{7D13C83B-A8F4-4CEA-8CC5-8D63D3487AA6}.Debug|Any CPU.Build.0 = Debug|Any CPU
		{7D13C83B-A8F4-4CEA-8CC5-8D63D3487AA6}.Release|Any CPU.ActiveCfg = Release|Any CPU
		{7D13C83B-A8F4-4CEA-8CC5-8D63D3487AA6}.Release|Any CPU.Build.0 = Release|Any CPU
		{19F58055-D818-4D3E-8FCF-4239B9A96738}.Debug|Any CPU.ActiveCfg = Debug|Any CPU
		{19F58055-D818-4D3E-8FCF-4239B9A96738}.Debug|Any CPU.Build.0 = Debug|Any CPU
		{19F58055-D818-4D3E-8FCF-4239B9A96738}.Release|Any CPU.ActiveCfg = Release|Any CPU
		{19F58055-D818-4D3E-8FCF-4239B9A96738}.Release|Any CPU.Build.0 = Release|Any CPU
	EndGlobalSection
	GlobalSection(SolutionProperties) = preSolution
		HideSolutionNode = FALSE
	EndGlobalSection
	GlobalSection(NestedProjects) = preSolution
		{7D13C83B-A8F4-4CEA-8CC5-8D63D3487AA6} = {871EB906-85AE-4C9F-9F44-7950731B0175}
		{19F58055-D818-4D3E-8FCF-4239B9A96738} = {001CBECA-A2AD-4F89-806D-664FA31E5A7E}
	EndGlobalSection
	GlobalSection(ExtensibilityGlobals) = postSolution
		SolutionGuid = {DA80E048-8CEF-4873-8937-640945CFADCD}
	EndGlobalSection
EndGlobal
