
Microsoft Visual Studio Solution File, Format Version 12.00
# Visual Studio Version 17
VisualStudioVersion = 17.11.35303.130
MinimumVisualStudioVersion = 10.0.40219.1
Project("{2150E333-8FDC-42A3-9474-1A3956D46DE8}") = "Task0", "Task0", "{871EB906-85AE-4C9F-9F44-7950731B0175}"
EndProject
Project("{FAE04EC0-301F-11D3-BF4B-00C04F79EFBC}") = "Tyuiu.KomarovaMV.Sprint0.Task0.V0", "Tyuiu.KomarovaMV.Sprint0.Task0.V0\Tyuiu.KomarovaMV.Sprint0.Task0.V0.csproj", "{7D13C83B-A8F4-4CEA-8CC5-8D63D3487AA6}"
EndProject
Project("{2150E333-8FDC-42A3-9474-1A3956D46DE8}") = "Task1", "Task1", "{001CBECA-A2AD-4F89-806D-664FA31E5A7E}"
EndProject
Project("{FAE04EC0-301F-11D3-BF4B-00C04F79EFBC}") = "Tyuiu.KomarovaMV.Sprint0.Task1.V0", "Tyuiu.KomarovaMV.Sprint0.Task1.V0\Tyuiu.KomarovaMV.Sprint0.Task1.V0.csproj", "{19F58055-D818-4D3E-8FCF-4239B9A96738}"
EndProject
Project("{2150E333-8FDC-42A3-9474-1A3956D46DE8}") = "Task2", "Task2", "{0D15CABA-8B32-4C5C-B1B3-D492DF2C51F0}"
EndProject
Project("{FAE04EC0-301F-11D3-BF4B-00C04F79EFBC}") = "Tyuiu.KomarovaMV.Sprint0.Task2.V0", "Tyuiu.KomarovaMV.Sprint0.Task2.V0\Tyuiu.KomarovaMV.Sprint0.Task2.V0.csproj", "{CA54FB2A-AF2D-49D4-9279-F3C89E5A976B}"
EndProject
Project("{FAE04EC0-301F-11D3-BF4B-00C04F79EFBC}") = "Tyuiu.KomarovaMV.Sprint0.Task2.V0.Lib", "Tyuiu.KomarovaMV.Task2.V0.Lib\Tyuiu.KomarovaMV.Sprint0.Task2.V0.Lib.csproj", "{00A7CE3A-8DAB-45C6-8DCC-D1409C156403}"
EndProject
Project("{FAE04EC0-301F-11D3-BF4B-00C04F79EFBC}") = "Tyuiu.KomarovaMV.Sprint0.Task2.V0.Test", "Tyuiu.KomarovaMV.Sprint0.Task2.V0.Test\Tyuiu.KomarovaMV.Sprint0.Task2.V0.Test.csproj", "{2DBD1CA4-1D25-41E9-88AE-23AFEE85DDA9}"
EndProject
Project("{2150E333-8FDC-42A3-9474-1A3956D46DE8}") = "Task3", "Task3", "{E2C62BA2-985A-4129-8542-E186E37B1982}"
EndProject
Project("{FAE04EC0-301F-11D3-BF4B-00C04F79EFBC}") = "Tyuiu.KomarovaMV.Sprint0.Task3.V0", "Tyuiu.KomarovaMV.Sprint0.Task3.V0\Tyuiu.KomarovaMV.Sprint0.Task3.V0.csproj", "{F0AC4193-B95B-4D6A-92DE-ED91611DB6CB}"
EndProject
Project("{FAE04EC0-301F-11D3-BF4B-00C04F79EFBC}") = "Tyuiu.KomarovaMV.Sprint0.Task3.V0.Lib", "Tyuiu.KomarovaMV.Sprint0.Task3.V0.Lib\Tyuiu.KomarovaMV.Sprint0.Task3.V0.Lib.csproj", "{EF1F07FC-F554-4EE8-8488-4740B65DBF8D}"
EndProject
Project("{FAE04EC0-301F-11D3-BF4B-00C04F79EFBC}") = "Tyuiu.KomarovaMV.Sprint0.Task3.V0.Test", "Tyuiu.KomarovaMV.Sprint0.Task3.V0.Test\Tyuiu.KomarovaMV.Sprint0.Task3.V0.Test.csproj", "{8F8A3B17-8825-47CA-8A74-42820993202C}"
EndProject
Project("{2150E333-8FDC-42A3-9474-1A3956D46DE8}") = "Task4", "Task4", "{0DD3C3AC-5EEB-46A0-9E76-F2E423DF515F}"
EndProject
Project("{FAE04EC0-301F-11D3-BF4B-00C04F79EFBC}") = "Tyuiu.KomarovaMV.Sprint0.Task4.V0", "Tyuiu.KomarovaMV.Sprint0.Task4.V0\Tyuiu.KomarovaMV.Sprint0.Task4.V0.csproj", "{551ED9CF-0A1F-473E-964A-3BA999018406}"
EndProject
Project("{FAE04EC0-301F-11D3-BF4B-00C04F79EFBC}") = "Tyuiu.KomarovaMV.Sprint0.Task4.V0.Lib", "Tyuiu.KomarovaMV.Sprint0.Task4.V0.Lib\Tyuiu.KomarovaMV.Sprint0.Task4.V0.Lib.csproj", "{8909BC34-CFA7-4C2B-BD3E-FEB824A0E4A1}"
EndProject
Project("{FAE04EC0-301F-11D3-BF4B-00C04F79EFBC}") = "Tyuiu.KomarovaMV.Sprint0.Task4.V0.Test", "Tyuiu.KomarovaMV.Sprint0.Task4.V0.Test\Tyuiu.KomarovaMV.Sprint0.Task4.V0.Test.csproj", "{5290E1F5-03AA-405D-B0FF-9710DC16EFF7}"
EndProject
Project("{2150E333-8FDC-42A3-9474-1A3956D46DE8}") = "Task5", "Task5", "{39CE758E-AA6C-4767-82E2-D9F357531601}"
EndProject
Project("{FAE04EC0-301F-11D3-BF4B-00C04F79EFBC}") = "Tyuiu.KomarovaMV.Sprint0.Task5.V0", "Tyuiu.KomarovaMV.Sprint0.Task5.V0\Tyuiu.KomarovaMV.Sprint0.Task5.V0.csproj", "{2D3CEEF6-336B-44D0-8F9D-BA2AFAB38652}"
EndProject
Project("{FAE04EC0-301F-11D3-BF4B-00C04F79EFBC}") = "Tyuiu.KomarovaMV.Sprint0.Task5.V0.Lib", "Tyuiu.KomarovaMV.Sprint0.Task5.V0.Lib\Tyuiu.KomarovaMV.Sprint0.Task5.V0.Lib.csproj", "{E22B40FF-B099-44A8-9E66-9D7D44BCCCF9}"
EndProject
Project("{FAE04EC0-301F-11D3-BF4B-00C04F79EFBC}") = "Tyuiu.KomarovaMV.Sprint0.Task5.V0.Test", "Tyuiu.KomarovaMV.Sprint0.Task5.V0.Test\Tyuiu.KomarovaMV.Sprint0.Task5.V0.Test.csproj", "{CF9F5DC0-7290-4DD6-B808-BC1A11939F18}"
EndProject
Project("{2150E333-8FDC-42A3-9474-1A3956D46DE8}") = "Task6", "Task6", "{7B61B07A-3089-48A5-8F0D-C1E507D2771F}"
EndProject
Project("{FAE04EC0-301F-11D3-BF4B-00C04F79EFBC}") = "Tyuiu.KomarovaMV.Sprint0.Task6.V0", "Tyuiu.KomarovaMV.Sprint0.Task6.V0\Tyuiu.KomarovaMV.Sprint0.Task6.V0.csproj", "{9A57C91A-A034-429A-97D9-EC2526EC8A26}"
EndProject
Project("{FAE04EC0-301F-11D3-BF4B-00C04F79EFBC}") = "Tyuiu.KomarovaMV.Sprint0.Task6.V0.Lib", "Tyuiu.KomarovaMV.Sprint0.Task6.V0.Lib\Tyuiu.KomarovaMV.Sprint0.Task6.V0.Lib.csproj", "{31C01EAA-6381-4538-AFB1-3B275493E40F}"
EndProject
Project("{FAE04EC0-301F-11D3-BF4B-00C04F79EFBC}") = "Tyuiu.KomarovaMV.Sprint0.Task6.V0.Test", "Tyuiu.KomarovaMV.Sprint0.Task6.V0.Test\Tyuiu.KomarovaMV.Sprint0.Task6.V0.Test.csproj", "{64AE1F0A-126E-42AC-8FE1-7DB7151ADDF1}"
EndProject
Project("{2150E333-8FDC-42A3-9474-1A3956D46DE8}") = "Task7", "Task7", "{55344930-ADD7-424B-BC34-6ED361613506}"
EndProject
Project("{FAE04EC0-301F-11D3-BF4B-00C04F79EFBC}") = "Tyuiu.KomarovaMV.Sprint0.Task7.V0", "Tyuiu.KomarovaMV.Sprint0.Task7.V0\Tyuiu.KomarovaMV.Sprint0.Task7.V0.csproj", "{00E394AE-BDD1-4A67-847E-19BF0E18B0CA}"
EndProject
Project("{FAE04EC0-301F-11D3-BF4B-00C04F79EFBC}") = "Tyuiu.KomarovaMV.Sprint0.Task7.V0.Lib", "Tyuiu.KomarovaMV.Sprint0.Task7.V0.Lib\Tyuiu.KomarovaMV.Sprint0.Task7.V0.Lib.csproj", "{3CEB3D2D-8468-486F-9846-E9362337DFA2}"
EndProject
Project("{FAE04EC0-301F-11D3-BF4B-00C04F79EFBC}") = "Tyuiu.KomarovaMV.Sprint0.Task7.V0.Test", "Tyuiu.KomarovaMV.Sprint0.Task7.V0.Test\Tyuiu.KomarovaMV.Sprint0.Task7.V0.Test.csproj", "{6FF94A48-60EF-4E29-B3A7-0A0D472A27AE}"
EndProject
Global
	GlobalSection(SolutionConfigurationPlatforms) = preSolution
		Debug|Any CPU = Debug|Any CPU
		Release|Any CPU = Release|Any CPU
	EndGlobalSection
	GlobalSection(ProjectConfigurationPlatforms) = postSolution
		{7D13C83B-A8F4-4CEA-8CC5-8D63D3487AA6}.Debug|Any CPU.ActiveCfg = Debug|Any CPU
		{7D13C83B-A8F4-4CEA-8CC5-8D63D3487AA6}.Debug|Any CPU.Build.0 = Debug|Any CPU
		{7D13C83B-A8F4-4CEA-8CC5-8D63D3487AA6}.Release|Any CPU.ActiveCfg = Release|Any CPU
		{7D13C83B-A8F4-4CEA-8CC5-8D63D3487AA6}.Release|Any CPU.Build.0 = Release|Any CPU
		{19F58055-D818-4D3E-8FCF-4239B9A96738}.Debug|Any CPU.ActiveCfg = Debug|Any CPU
		{19F58055-D818-4D3E-8FCF-4239B9A96738}.Debug|Any CPU.Build.0 = Debug|Any CPU
		{19F58055-D818-4D3E-8FCF-4239B9A96738}.Release|Any CPU.ActiveCfg = Release|Any CPU
		{19F58055-D818-4D3E-8FCF-4239B9A96738}.Release|Any CPU.Build.0 = Release|Any CPU
		{CA54FB2A-AF2D-49D4-9279-F3C89E5A976B}.Debug|Any CPU.ActiveCfg = Debug|Any CPU
		{CA54FB2A-AF2D-49D4-9279-F3C89E5A976B}.Debug|Any CPU.Build.0 = Debug|Any CPU
		{CA54FB2A-AF2D-49D4-9279-F3C89E5A976B}.Release|Any CPU.ActiveCfg = Release|Any CPU
		{CA54FB2A-AF2D-49D4-9279-F3C89E5A976B}.Release|Any CPU.Build.0 = Release|Any CPU
		{00A7CE3A-8DAB-45C6-8DCC-D1409C156403}.Debug|Any CPU.ActiveCfg = Debug|Any CPU
		{00A7CE3A-8DAB-45C6-8DCC-D1409C156403}.Debug|Any CPU.Build.0 = Debug|Any CPU
		{00A7CE3A-8DAB-45C6-8DCC-D1409C156403}.Release|Any CPU.ActiveCfg = Release|Any CPU
		{00A7CE3A-8DAB-45C6-8DCC-D1409C156403}.Release|Any CPU.Build.0 = Release|Any CPU
		{2DBD1CA4-1D25-41E9-88AE-23AFEE85DDA9}.Debug|Any CPU.ActiveCfg = Debug|Any CPU
		{2DBD1CA4-1D25-41E9-88AE-23AFEE85DDA9}.Debug|Any CPU.Build.0 = Debug|Any CPU
		{2DBD1CA4-1D25-41E9-88AE-23AFEE85DDA9}.Release|Any CPU.ActiveCfg = Release|Any CPU
		{2DBD1CA4-1D25-41E9-88AE-23AFEE85DDA9}.Release|Any CPU.Build.0 = Release|Any CPU
		{F0AC4193-B95B-4D6A-92DE-ED91611DB6CB}.Debug|Any CPU.ActiveCfg = Debug|Any CPU
		{F0AC4193-B95B-4D6A-92DE-ED91611DB6CB}.Debug|Any CPU.Build.0 = Debug|Any CPU
		{F0AC4193-B95B-4D6A-92DE-ED91611DB6CB}.Release|Any CPU.ActiveCfg = Release|Any CPU
		{F0AC4193-B95B-4D6A-92DE-ED91611DB6CB}.Release|Any CPU.Build.0 = Release|Any CPU
		{EF1F07FC-F554-4EE8-8488-4740B65DBF8D}.Debug|Any CPU.ActiveCfg = Debug|Any CPU
		{EF1F07FC-F554-4EE8-8488-4740B65DBF8D}.Debug|Any CPU.Build.0 = Debug|Any CPU
		{EF1F07FC-F554-4EE8-8488-4740B65DBF8D}.Release|Any CPU.ActiveCfg = Release|Any CPU
		{EF1F07FC-F554-4EE8-8488-4740B65DBF8D}.Release|Any CPU.Build.0 = Release|Any CPU
		{8F8A3B17-8825-47CA-8A74-42820993202C}.Debug|Any CPU.ActiveCfg = Debug|Any CPU
		{8F8A3B17-8825-47CA-8A74-42820993202C}.Debug|Any CPU.Build.0 = Debug|Any CPU
		{8F8A3B17-8825-47CA-8A74-42820993202C}.Release|Any CPU.ActiveCfg = Release|Any CPU
		{8F8A3B17-8825-47CA-8A74-42820993202C}.Release|Any CPU.Build.0 = Release|Any CPU
		{551ED9CF-0A1F-473E-964A-3BA999018406}.Debug|Any CPU.ActiveCfg = Debug|Any CPU
		{551ED9CF-0A1F-473E-964A-3BA999018406}.Debug|Any CPU.Build.0 = Debug|Any CPU
		{551ED9CF-0A1F-473E-964A-3BA999018406}.Release|Any CPU.ActiveCfg = Release|Any CPU
		{551ED9CF-0A1F-473E-964A-3BA999018406}.Release|Any CPU.Build.0 = Release|Any CPU
		{8909BC34-CFA7-4C2B-BD3E-FEB824A0E4A1}.Debug|Any CPU.ActiveCfg = Debug|Any CPU
		{8909BC34-CFA7-4C2B-BD3E-FEB824A0E4A1}.Debug|Any CPU.Build.0 = Debug|Any CPU
		{8909BC34-CFA7-4C2B-BD3E-FEB824A0E4A1}.Release|Any CPU.ActiveCfg = Release|Any CPU
		{8909BC34-CFA7-4C2B-BD3E-FEB824A0E4A1}.Release|Any CPU.Build.0 = Release|Any CPU
		{5290E1F5-03AA-405D-B0FF-9710DC16EFF7}.Debug|Any CPU.ActiveCfg = Debug|Any CPU
		{5290E1F5-03AA-405D-B0FF-9710DC16EFF7}.Debug|Any CPU.Build.0 = Debug|Any CPU
		{5290E1F5-03AA-405D-B0FF-9710DC16EFF7}.Release|Any CPU.ActiveCfg = Release|Any CPU
		{5290E1F5-03AA-405D-B0FF-9710DC16EFF7}.Release|Any CPU.Build.0 = Release|Any CPU
		{2D3CEEF6-336B-44D0-8F9D-BA2AFAB38652}.Debug|Any CPU.ActiveCfg = Debug|Any CPU
		{2D3CEEF6-336B-44D0-8F9D-BA2AFAB38652}.Debug|Any CPU.Build.0 = Debug|Any CPU
		{2D3CEEF6-336B-44D0-8F9D-BA2AFAB38652}.Release|Any CPU.ActiveCfg = Release|Any CPU
		{2D3CEEF6-336B-44D0-8F9D-BA2AFAB38652}.Release|Any CPU.Build.0 = Release|Any CPU
		{E22B40FF-B099-44A8-9E66-9D7D44BCCCF9}.Debug|Any CPU.ActiveCfg = Debug|Any CPU
		{E22B40FF-B099-44A8-9E66-9D7D44BCCCF9}.Debug|Any CPU.Build.0 = Debug|Any CPU
		{E22B40FF-B099-44A8-9E66-9D7D44BCCCF9}.Release|Any CPU.ActiveCfg = Release|Any CPU
		{E22B40FF-B099-44A8-9E66-9D7D44BCCCF9}.Release|Any CPU.Build.0 = Release|Any CPU
		{CF9F5DC0-7290-4DD6-B808-BC1A11939F18}.Debug|Any CPU.ActiveCfg = Debug|Any CPU
		{CF9F5DC0-7290-4DD6-B808-BC1A11939F18}.Debug|Any CPU.Build.0 = Debug|Any CPU
		{CF9F5DC0-7290-4DD6-B808-BC1A11939F18}.Release|Any CPU.ActiveCfg = Release|Any CPU
		{CF9F5DC0-7290-4DD6-B808-BC1A11939F18}.Release|Any CPU.Build.0 = Release|Any CPU
		{9A57C91A-A034-429A-97D9-EC2526EC8A26}.Debug|Any CPU.ActiveCfg = Debug|Any CPU
		{9A57C91A-A034-429A-97D9-EC2526EC8A26}.Debug|Any CPU.Build.0 = Debug|Any CPU
		{9A57C91A-A034-429A-97D9-EC2526EC8A26}.Release|Any CPU.ActiveCfg = Release|Any CPU
		{9A57C91A-A034-429A-97D9-EC2526EC8A26}.Release|Any CPU.Build.0 = Release|Any CPU
		{31C01EAA-6381-4538-AFB1-3B275493E40F}.Debug|Any CPU.ActiveCfg = Debug|Any CPU
		{31C01EAA-6381-4538-AFB1-3B275493E40F}.Debug|Any CPU.Build.0 = Debug|Any CPU
		{31C01EAA-6381-4538-AFB1-3B275493E40F}.Release|Any CPU.ActiveCfg = Release|Any CPU
		{31C01EAA-6381-4538-AFB1-3B275493E40F}.Release|Any CPU.Build.0 = Release|Any CPU
		{64AE1F0A-126E-42AC-8FE1-7DB7151ADDF1}.Debug|Any CPU.ActiveCfg = Debug|Any CPU
		{64AE1F0A-126E-42AC-8FE1-7DB7151ADDF1}.Debug|Any CPU.Build.0 = Debug|Any CPU
		{64AE1F0A-126E-42AC-8FE1-7DB7151ADDF1}.Release|Any CPU.ActiveCfg = Release|Any CPU
		{64AE1F0A-126E-42AC-8FE1-7DB7151ADDF1}.Release|Any CPU.Build.0 = Release|Any CPU
		{00E394AE-BDD1-4A67-847E-19BF0E18B0CA}.Debug|Any CPU.ActiveCfg = Debug|Any CPU
		{00E394AE-BDD1-4A67-847E-19BF0E18B0CA}.Debug|Any CPU.Build.0 = Debug|Any CPU
		{00E394AE-BDD1-4A67-847E-19BF0E18B0CA}.Release|Any CPU.ActiveCfg = Release|Any CPU
		{00E394AE-BDD1-4A67-847E-19BF0E18B0CA}.Release|Any CPU.Build.0 = Release|Any CPU
		{3CEB3D2D-8468-486F-9846-E9362337DFA2}.Debug|Any CPU.ActiveCfg = Debug|Any CPU
		{3CEB3D2D-8468-486F-9846-E9362337DFA2}.Debug|Any CPU.Build.0 = Debug|Any CPU
		{3CEB3D2D-8468-486F-9846-E9362337DFA2}.Release|Any CPU.ActiveCfg = Release|Any CPU
		{3CEB3D2D-8468-486F-9846-E9362337DFA2}.Release|Any CPU.Build.0 = Release|Any CPU
		{6FF94A48-60EF-4E29-B3A7-0A0D472A27AE}.Debug|Any CPU.ActiveCfg = Debug|Any CPU
		{6FF94A48-60EF-4E29-B3A7-0A0D472A27AE}.Debug|Any CPU.Build.0 = Debug|Any CPU
		{6FF94A48-60EF-4E29-B3A7-0A0D472A27AE}.Release|Any CPU.ActiveCfg = Release|Any CPU
		{6FF94A48-60EF-4E29-B3A7-0A0D472A27AE}.Release|Any CPU.Build.0 = Release|Any CPU
	EndGlobalSection
	GlobalSection(SolutionProperties) = preSolution
		HideSolutionNode = FALSE
	EndGlobalSection
	GlobalSection(NestedProjects) = preSolution
		{7D13C83B-A8F4-4CEA-8CC5-8D63D3487AA6} = {871EB906-85AE-4C9F-9F44-7950731B0175}
		{19F58055-D818-4D3E-8FCF-4239B9A96738} = {001CBECA-A2AD-4F89-806D-664FA31E5A7E}
		{CA54FB2A-AF2D-49D4-9279-F3C89E5A976B} = {0D15CABA-8B32-4C5C-B1B3-D492DF2C51F0}
		{00A7CE3A-8DAB-45C6-8DCC-D1409C156403} = {0D15CABA-8B32-4C5C-B1B3-D492DF2C51F0}
		{2DBD1CA4-1D25-41E9-88AE-23AFEE85DDA9} = {0D15CABA-8B32-4C5C-B1B3-D492DF2C51F0}
		{F0AC4193-B95B-4D6A-92DE-ED91611DB6CB} = {E2C62BA2-985A-4129-8542-E186E37B1982}
		{EF1F07FC-F554-4EE8-8488-4740B65DBF8D} = {E2C62BA2-985A-4129-8542-E186E37B1982}
		{8F8A3B17-8825-47CA-8A74-42820993202C} = {E2C62BA2-985A-4129-8542-E186E37B1982}
		{551ED9CF-0A1F-473E-964A-3BA999018406} = {0DD3C3AC-5EEB-46A0-9E76-F2E423DF515F}
		{8909BC34-CFA7-4C2B-BD3E-FEB824A0E4A1} = {0DD3C3AC-5EEB-46A0-9E76-F2E423DF515F}
		{5290E1F5-03AA-405D-B0FF-9710DC16EFF7} = {0DD3C3AC-5EEB-46A0-9E76-F2E423DF515F}
		{2D3CEEF6-336B-44D0-8F9D-BA2AFAB38652} = {39CE758E-AA6C-4767-82E2-D9F357531601}
		{E22B40FF-B099-44A8-9E66-9D7D44BCCCF9} = {39CE758E-AA6C-4767-82E2-D9F357531601}
		{CF9F5DC0-7290-4DD6-B808-BC1A11939F18} = {39CE758E-AA6C-4767-82E2-D9F357531601}
		{9A57C91A-A034-429A-97D9-EC2526EC8A26} = {7B61B07A-3089-48A5-8F0D-C1E507D2771F}
		{31C01EAA-6381-4538-AFB1-3B275493E40F} = {7B61B07A-3089-48A5-8F0D-C1E507D2771F}
		{64AE1F0A-126E-42AC-8FE1-7DB7151ADDF1} = {7B61B07A-3089-48A5-8F0D-C1E507D2771F}
		{00E394AE-BDD1-4A67-847E-19BF0E18B0CA} = {55344930-ADD7-424B-BC34-6ED361613506}
		{3CEB3D2D-8468-486F-9846-E9362337DFA2} = {55344930-ADD7-424B-BC34-6ED361613506}
		{6FF94A48-60EF-4E29-B3A7-0A0D472A27AE} = {55344930-ADD7-424B-BC34-6ED361613506}
	EndGlobalSection
	GlobalSection(ExtensibilityGlobals) = postSolution
		SolutionGuid = {DA80E048-8CEF-4873-8937-640945CFADCD}
	EndGlobalSection
EndGlobal
